// !$*UTF8*$!
{
	archiveVersion = 1;
	classes = {
	};
	objectVersion = 46;
	objects = {

/* Begin PBXBuildFile section */
		423BF0B61C0B80EE007F5C02 /* screen.png in Resources */ = {isa = PBXBuildFile; fileRef = 423BF0B51C0B80EE007F5C02 /* screen.png */; settings = {ASSET_TAGS = (); }; };
		426052BE1C0B6E5A007ED564 /* AppDelegate.swift in Sources */ = {isa = PBXBuildFile; fileRef = 426052BD1C0B6E5A007ED564 /* AppDelegate.swift */; };
		426052C01C0B6E5A007ED564 /* ViewController.swift in Sources */ = {isa = PBXBuildFile; fileRef = 426052BF1C0B6E5A007ED564 /* ViewController.swift */; };
		426052C31C0B6E5A007ED564 /* Main.storyboard in Resources */ = {isa = PBXBuildFile; fileRef = 426052C11C0B6E5A007ED564 /* Main.storyboard */; };
		426052C51C0B6E5A007ED564 /* Assets.xcassets in Resources */ = {isa = PBXBuildFile; fileRef = 426052C41C0B6E5A007ED564 /* Assets.xcassets */; };
		426052C81C0B6E5A007ED564 /* LaunchScreen.storyboard in Resources */ = {isa = PBXBuildFile; fileRef = 426052C61C0B6E5A007ED564 /* LaunchScreen.storyboard */; };
/* End PBXBuildFile section */

/* Begin PBXFileReference section */
		423BF0B51C0B80EE007F5C02 /* screen.png */ = {isa = PBXFileReference; lastKnownFileType = image.png; path = screen.png; sourceTree = "<group>"; };
		426052BA1C0B6E5A007ED564 /* vmock.app */ = {isa = PBXFileReference; explicitFileType = wrapper.application; includeInIndex = 0; path = vmock.app; sourceTree = BUILT_PRODUCTS_DIR; };
		426052BD1C0B6E5A007ED564 /* AppDelegate.swift */ = {isa = PBXFileReference; lastKnownFileType = sourcecode.swift; path = AppDelegate.swift; sourceTree = "<group>"; };
		426052BF1C0B6E5A007ED564 /* ViewController.swift */ = {isa = PBXFileReference; lastKnownFileType = sourcecode.swift; path = ViewController.swift; sourceTree = "<group>"; };
		426052C21C0B6E5A007ED564 /* Base */ = {isa = PBXFileReference; lastKnownFileType = file.storyboard; name = Base; path = Base.lproj/Main.storyboard; sourceTree = "<group>"; };
		426052C41C0B6E5A007ED564 /* Assets.xcassets */ = {isa = PBXFileReference; lastKnownFileType = folder.assetcatalog; path = Assets.xcassets; sourceTree = "<group>"; };
		426052C71C0B6E5A007ED564 /* Base */ = {isa = PBXFileReference; lastKnownFileType = file.storyboard; name = Base; path = Base.lproj/LaunchScreen.storyboard; sourceTree = "<group>"; };
		426052C91C0B6E5A007ED564 /* Info.plist */ = {isa = PBXFileReference; lastKnownFileType = text.plist.xml; path = Info.plist; sourceTree = "<group>"; };
/* End PBXFileReference section */

/* Begin PBXFrameworksBuildPhase section */
		426052B71C0B6E5A007ED564 /* Frameworks */ = {
			isa = PBXFrameworksBuildPhase;
			buildActionMask = 2147483647;
			files = (
			);
			runOnlyForDeploymentPostprocessing = 0;
		};
/* End PBXFrameworksBuildPhase section */

/* Begin PBXGroup section */
		426052B11C0B6E5A007ED564 = {
			isa = PBXGroup;
			children = (
				426052BC1C0B6E5A007ED564 /* vmock */,
				426052BB1C0B6E5A007ED564 /* Products */,
			);
			sourceTree = "<group>";
		};
		426052BB1C0B6E5A007ED564 /* Products */ = {
			isa = PBXGroup;
			children = (
				426052BA1C0B6E5A007ED564 /* vmock.app */,
			);
			name = Products;
			sourceTree = "<group>";
		};
		426052BC1C0B6E5A007ED564 /* vmock */ = {
			isa = PBXGroup;
			children = (
				426052BD1C0B6E5A007ED564 /* AppDelegate.swift */,
				426052BF1C0B6E5A007ED564 /* ViewController.swift */,
				426052C11C0B6E5A007ED564 /* Main.storyboard */,
				426052C41C0B6E5A007ED564 /* Assets.xcassets */,
				423BF0B51C0B80EE007F5C02 /* screen.png */,
				426052C61C0B6E5A007ED564 /* LaunchScreen.storyboard */,
				426052C91C0B6E5A007ED564 /* Info.plist */,
			);
			path = vmock;
			sourceTree = "<group>";
		};
/* End PBXGroup section */

/* Begin PBXNativeTarget section */
		426052B91C0B6E5A007ED564 /* vmock */ = {
			isa = PBXNativeTarget;
			buildConfigurationList = 426052CC1C0B6E5A007ED564 /* Build configuration list for PBXNativeTarget "vmock" */;
			buildPhases = (
				426052B61C0B6E5A007ED564 /* Sources */,
				426052B71C0B6E5A007ED564 /* Frameworks */,
				426052B81C0B6E5A007ED564 /* Resources */,
			);
			buildRules = (
			);
			dependencies = (
			);
			name = vmock;
			productName = vmock;
			productReference = 426052BA1C0B6E5A007ED564 /* vmock.app */;
			productType = "com.apple.product-type.application";
		};
/* End PBXNativeTarget section */

/* Begin PBXProject section */
		426052B21C0B6E5A007ED564 /* Project object */ = {
			isa = PBXProject;
			attributes = {
				LastUpgradeCheck = 0700;
				ORGANIZATIONNAME = "Robin Malhotra";
				TargetAttributes = {
					426052B91C0B6E5A007ED564 = {
						CreatedOnToolsVersion = 7.0;
					};
				};
			};
			buildConfigurationList = 426052B51C0B6E5A007ED564 /* Build configuration list for PBXProject "vmock" */;
			compatibilityVersion = "Xcode 3.2";
			developmentRegion = English;
			hasScannedForEncodings = 0;
			knownRegions = (
				en,
				Base,
			);
			mainGroup = 426052B11C0B6E5A007ED564;
			productRefGroup = 426052BB1C0B6E5A007ED564 /* Products */;
			projectDirPath = "";
			projectRoot = "";
			targets = (
				426052B91C0B6E5A007ED564 /* vmock */,
			);
		};
/* End PBXProject section */

/* Begin PBXResourcesBuildPhase section */
		426052B81C0B6E5A007ED564 /* Resources */ = {
			isa = PBXResourcesBuildPhase;
			buildActionMask = 2147483647;
			files = (
				426052C81C0B6E5A007ED564 /* LaunchScreen.storyboard in Resources */,
				423BF0B61C0B80EE007F5C02 /* screen.png in Resources */,
				426052C51C0B6E5A007ED564 /* Assets.xcassets in Resources */,
				426052C31C0B6E5A007ED564 /* Main.storyboard in Resources */,
			);
			runOnlyForDeploymentPostprocessing = 0;
		};
/* End PBXResourcesBuildPhase section */

/* Begin PBXSourcesBuildPhase section */
		426052B61C0B6E5A007ED564 /* Sources */ = {
			isa = PBXSourcesBuildPhase;
			buildActionMask = 2147483647;
			files = (
				426052C01C0B6E5A007ED564 /* ViewController.swift in Sources */,
				426052BE1C0B6E5A007ED564 /* AppDelegate.swift in Sources */,
			);
			runOnlyForDeploymentPostprocessing = 0;
		};
/* End PBXSourcesBuildPhase section */

/* Begin PBXVariantGroup section */
		426052C11C0B6E5A007ED564 /* Main.storyboard */ = {
			isa = PBXVariantGroup;
			children = (
				426052C21C0B6E5A007ED564 /* Base */,
			);
			name = Main.storyboard;
			sourceTree = "<group>";
		};
		426052C61C0B6E5A007ED564 /* LaunchScreen.storyboard */ = {
			isa = PBXVariantGroup;
			children = (
				426052C71C0B6E5A007ED564 /* Base */,
			);
			name = LaunchScreen.storyboard;
			sourceTree = "<group>";
		};
/* End PBXVariantGroup section */

/* Begin XCBuildConfiguration section */
		426052CA1C0B6E5A007ED564 /* Debug */ = {
			isa = XCBuildConfiguration;
			buildSettings = {
				ALWAYS_SEARCH_USER_PATHS = NO;
				CLANG_CXX_LANGUAGE_STANDARD = "gnu++0x";
				CLANG_CXX_LIBRARY = "libc++";
				CLANG_ENABLE_MODULES = YES;
				CLANG_ENABLE_OBJC_ARC = YES;
				CLANG_WARN_BOOL_CONVERSION = YES;
				CLANG_WARN_CONSTANT_CONVERSION = YES;
				CLANG_WARN_DIRECT_OBJC_ISA_USAGE = YES_ERROR;
				CLANG_WARN_EMPTY_BODY = YES;
				CLANG_WARN_ENUM_CONVERSION = YES;
				CLANG_WARN_INT_CONVERSION = YES;
				CLANG_WARN_OBJC_ROOT_CLASS = YES_ERROR;
				CLANG_WARN_UNREACHABLE_CODE = YES;
				CLANG_WARN__DUPLICATE_METHOD_MATCH = YES;
				"CODE_SIGN_IDENTITY[sdk=iphoneos*]" = "iPhone Developer";
				COPY_PHASE_STRIP = NO;
				DEBUG_INFORMATION_FORMAT = dwarf;
				ENABLE_STRICT_OBJC_MSGSEND = YES;
				ENABLE_TESTABILITY = YES;
				GCC_C_LANGUAGE_STANDARD = gnu99;
				GCC_DYNAMIC_NO_PIC = NO;
				GCC_NO_COMMON_BLOCKS = YES;
				GCC_OPTIMIZATION_LEVEL = 0;
				GCC_PREPROCESSOR_DEFINITIONS = (
					"DEBUG=1",
					"$(inherited)",
				);
				GCC_WARN_64_TO_32_BIT_CONVERSION = YES;
				GCC_WARN_ABOUT_RETURN_TYPE = YES_ERROR;
				GCC_WARN_UNDECLARED_SELECTOR = YES;
				GCC_WARN_UNINITIALIZED_AUTOS = YES_AGGRESSIVE;
				GCC_WARN_UNUSED_FUNCTION = YES;
				GCC_WARN_UNUSED_VARIABLE = YES;
				IPHONEOS_DEPLOYMENT_TARGET = 9.0;
				MTL_ENABLE_DEBUG_INFO = YES;
				ONLY_ACTIVE_ARCH = YES;
				SDKROOT = iphoneos;
				SWIFT_OPTIMIZATION_LEVEL = "-Onone";
				TARGETED_DEVICE_FAMILY = "1,2";
			};
			name = Debug;
		};
		426052CB1C0B6E5A007ED564 /* Release */ = {
			isa = XCBuildConfiguration;
			buildSettings = {
				ALWAYS_SEARCH_USER_PATHS = NO;
				CLANG_CXX_LANGUAGE_STANDARD = "gnu++0x";
				CLANG_CXX_LIBRARY = "libc++";
				CLANG_ENABLE_MODULES = YES;
				CLANG_ENABLE_OBJC_ARC = YES;
				CLANG_WARN_BOOL_CONVERSION = YES;
				CLANG_WARN_CONSTANT_CONVERSION = YES;
				CLANG_WARN_DIRECT_OBJC_ISA_USAGE = YES_ERROR;
				CLANG_WARN_EMPTY_BODY = YES;
				CLANG_WARN_ENUM_CONVERSION = YES;
				CLANG_WARN_INT_CONVERSION = YES;
				CLANG_WARN_OBJC_ROOT_CLASS = YES_ERROR;
				CLANG_WARN_UNREACHABLE_CODE = YES;
				CLANG_WARN__DUPLICATE_METHOD_MATCH = YES;
				"CODE_SIGN_IDENTITY[sdk=iphoneos*]" = "iPhone Developer";
				COPY_PHASE_STRIP = NO;
				DEBUG_INFORMATION_FORMAT = "dwarf-with-dsym";
				ENABLE_NS_ASSERTIONS = NO;
				ENABLE_STRICT_OBJC_MSGSEND = YES;
				GCC_C_LANGUAGE_STANDARD = gnu99;
				GCC_NO_COMMON_BLOCKS = YES;
				GCC_WARN_64_TO_32_BIT_CONVERSION = YES;
				GCC_WARN_ABOUT_RETURN_TYPE = YES_ERROR;
				GCC_WARN_UNDECLARED_SELECTOR = YES;
				GCC_WARN_UNINITIALIZED_AUTOS = YES_AGGRESSIVE;
				GCC_WARN_UNUSED_FUNCTION = YES;
				GCC_WARN_UNUSED_VARIABLE = YES;
				IPHONEOS_DEPLOYMENT_TARGET = 9.0;
				MTL_ENABLE_DEBUG_INFO = NO;
				SDKROOT = iphoneos;
				TARGETED_DEVICE_FAMILY = "1,2";
				VALIDATE_PRODUCT = YES;
			};
			name = Release;
		};
		426052CD1C0B6E5A007ED564 /* Debug */ = {
			isa = XCBuildConfiguration;
			buildSettings = {
				ASSETCATALOG_COMPILER_APPICON_NAME = AppIcon;
				INFOPLIST_FILE = vmock/Info.plist;
				LD_RUNPATH_SEARCH_PATHS = "$(inherited) @executable_path/Frameworks";
				PRODUCT_BUNDLE_IDENTIFIER = com.codeOfRobin.vmock;
				PRODUCT_NAME = "$(TARGET_NAME)";
			};
			name = Debug;
		};
		426052CE1C0B6E5A007ED564 /* Release */ = {
			isa = XCBuildConfiguration;
			buildSettings = {
				ASSETCATALOG_COMPILER_APPICON_NAME = AppIcon;
				INFOPLIST_FILE = vmock/Info.plist;
				LD_RUNPATH_SEARCH_PATHS = "$(inherited) @executable_path/Frameworks";
				PRODUCT_BUNDLE_IDENTIFIER = com.codeOfRobin.vmock;
				PRODUCT_NAME = "$(TARGET_NAME)";
			};
			name = Release;
		};
/* End XCBuildConfiguration section */

/* Begin XCConfigurationList section */
		426052B51C0B6E5A007ED564 /* Build configuration list for PBXProject "vmock" */ = {
			isa = XCConfigurationList;
			buildConfigurations = (
				426052CA1C0B6E5A007ED564 /* Debug */,
				426052CB1C0B6E5A007ED564 /* Release */,
			);
			defaultConfigurationIsVisible = 0;
			defaultConfigurationName = Release;
		};
		426052CC1C0B6E5A007ED564 /* Build configuration list for PBXNativeTarget "vmock" */ = {
			isa = XCConfigurationList;
			buildConfigurations = (
				426052CD1C0B6E5A007ED564 /* Debug */,
				426052CE1C0B6E5A007ED564 /* Release */,
			);
			defaultConfigurationIsVisible = 0;
			defaultConfigurationName = Release;
		};
/* End XCConfigurationList section */
	};
	rootObject = 426052B21C0B6E5A007ED564 /* Project object */;
}
